
Microsoft Visual Studio Solution File, Format Version 12.00
Project("{FAE04EC0-301F-11D3-BF4B-00C04F79EFBC}") = "LoggingExtensions", "LoggingExtensions\LoggingExtensions.csproj", "{D2952993-86CF-404C-AAED-D90F3CC57674}"
EndProject
Project("{FAE04EC0-301F-11D3-BF4B-00C04F79EFBC}") = "LoggingExtensions.Test", "LoggingExtensions.Test\LoggingExtensions.Test.csproj", "{5D5DAD30-C882-49B2-92E3-00455466C747}"
EndProject
Project("{FAE04EC0-301F-11D3-BF4B-00C04F79EFBC}") = "LoggingExtensions.Demo", "LoggingExtensions.Demo\LoggingExtensions.Demo.csproj", "{A82B35A1-EEB4-4AEF-8971-3BDB290871FC}"
EndProject
Global
	GlobalSection(SolutionConfigurationPlatforms) = preSolution
		Debug|Any CPU = Debug|Any CPU
		Release|Any CPU = Release|Any CPU
	EndGlobalSection
	GlobalSection(ProjectConfigurationPlatforms) = postSolution
		{D2952993-86CF-404C-AAED-D90F3CC57674}.Debug|Any CPU.ActiveCfg = Debug|Any CPU
		{D2952993-86CF-404C-AAED-D90F3CC57674}.Debug|Any CPU.Build.0 = Debug|Any CPU
		{D2952993-86CF-404C-AAED-D90F3CC57674}.Release|Any CPU.ActiveCfg = Release|Any CPU
		{D2952993-86CF-404C-AAED-D90F3CC57674}.Release|Any CPU.Build.0 = Release|Any CPU
		{5D5DAD30-C882-49B2-92E3-00455466C747}.Debug|Any CPU.ActiveCfg = Debug|Any CPU
		{5D5DAD30-C882-49B2-92E3-00455466C747}.Debug|Any CPU.Build.0 = Debug|Any CPU
		{5D5DAD30-C882-49B2-92E3-00455466C747}.Release|Any CPU.ActiveCfg = Release|Any CPU
		{5D5DAD30-C882-49B2-92E3-00455466C747}.Release|Any CPU.Build.0 = Release|Any CPU
		{A82B35A1-EEB4-4AEF-8971-3BDB290871FC}.Debug|Any CPU.ActiveCfg = Debug|Any CPU
		{A82B35A1-EEB4-4AEF-8971-3BDB290871FC}.Debug|Any CPU.Build.0 = Debug|Any CPU
		{A82B35A1-EEB4-4AEF-8971-3BDB290871FC}.Release|Any CPU.ActiveCfg = Release|Any CPU
		{A82B35A1-EEB4-4AEF-8971-3BDB290871FC}.Release|Any CPU.Build.0 = Release|Any CPU
	EndGlobalSection
EndGlobal
